
Microsoft Visual Studio Solution File, Format Version 12.00
# Visual Studio Version 17
VisualStudioVersion = 17.1.32210.238
MinimumVisualStudioVersion = 10.0.40219.1
Project("{FAE04EC0-301F-11D3-BF4B-00C04F79EFBC}") = "obiz_load_data", "obiz_load_data.csproj", "{F3E2DCFE-E589-45F7-962B-AB76E34A4C87}"
EndProject
Global
	GlobalSection(SolutionConfigurationPlatforms) = preSolution
		Debug|Any CPU = Debug|Any CPU
		Release|Any CPU = Release|Any CPU
	EndGlobalSection
	GlobalSection(ProjectConfigurationPlatforms) = postSolution
		{F3E2DCFE-E589-45F7-962B-AB76E34A4C87}.Debug|Any CPU.ActiveCfg = Debug|Any CPU
		{F3E2DCFE-E589-45F7-962B-AB76E34A4C87}.Debug|Any CPU.Build.0 = Debug|Any CPU
		{F3E2DCFE-E589-45F7-962B-AB76E34A4C87}.Release|Any CPU.ActiveCfg = Release|Any CPU
		{F3E2DCFE-E589-45F7-962B-AB76E34A4C87}.Release|Any CPU.Build.0 = Release|Any CPU
	EndGlobalSection
	GlobalSection(SolutionProperties) = preSolution
		HideSolutionNode = FALSE
	EndGlobalSection
	GlobalSection(ExtensibilityGlobals) = postSolution
		SolutionGuid = {43548D14-DE08-47CF-96CE-59664C4F2D8A}
	EndGlobalSection
EndGlobal
